// !$*UTF8*$!
{
	archiveVersion = 1;
	classes = {
	};
	objectVersion = 50;
	objects = {

/* Begin PBXBuildFile section */
		0F57E35505F455EE12D59D40 /* Pods_Project_Cards.framework in Frameworks */ = {isa = PBXBuildFile; fileRef = 078729A748816E57C5C9519F /* Pods_Project_Cards.framework */; };
		A33DFE572265F16E00081FD2 /* DeckOfCardsAPI.swift in Sources */ = {isa = PBXBuildFile; fileRef = A33DFE562265F16E00081FD2 /* DeckOfCardsAPI.swift */; };
		A33DFE59226600F900081FD2 /* CollectionViewCell.swift in Sources */ = {isa = PBXBuildFile; fileRef = A33DFE58226600F900081FD2 /* CollectionViewCell.swift */; };
		A33DFE5D22660F8800081FD2 /* ViewControllerContract.swift in Sources */ = {isa = PBXBuildFile; fileRef = A33DFE5C22660F8800081FD2 /* ViewControllerContract.swift */; };
		A33DFE5F22660FB000081FD2 /* ViewControllerPresenter.swift in Sources */ = {isa = PBXBuildFile; fileRef = A33DFE5E22660FB000081FD2 /* ViewControllerPresenter.swift */; };
		A3D3689922650AA500A61BD4 /* AppDelegate.swift in Sources */ = {isa = PBXBuildFile; fileRef = A3D3689822650AA500A61BD4 /* AppDelegate.swift */; };
		A3D3689B22650AA500A61BD4 /* ViewController.swift in Sources */ = {isa = PBXBuildFile; fileRef = A3D3689A22650AA500A61BD4 /* ViewController.swift */; };
		A3D3689E22650AA500A61BD4 /* Main.storyboard in Resources */ = {isa = PBXBuildFile; fileRef = A3D3689C22650AA500A61BD4 /* Main.storyboard */; };
		A3D368A022650AA600A61BD4 /* Assets.xcassets in Resources */ = {isa = PBXBuildFile; fileRef = A3D3689F22650AA600A61BD4 /* Assets.xcassets */; };
		A3D368A322650AA600A61BD4 /* LaunchScreen.storyboard in Resources */ = {isa = PBXBuildFile; fileRef = A3D368A122650AA600A61BD4 /* LaunchScreen.storyboard */; };
		A3D368AE22650AA600A61BD4 /* Project_CardsTests.swift in Sources */ = {isa = PBXBuildFile; fileRef = A3D368AD22650AA600A61BD4 /* Project_CardsTests.swift */; };
		A3D368B922650AA600A61BD4 /* Project_CardsUITests.swift in Sources */ = {isa = PBXBuildFile; fileRef = A3D368B822650AA600A61BD4 /* Project_CardsUITests.swift */; };
		EFC572D85A17B161BF44A67C /* Pods_Project_CardsTests.framework in Frameworks */ = {isa = PBXBuildFile; fileRef = 4752E3756D6514317F8C744B /* Pods_Project_CardsTests.framework */; };
		F302457DB43719F611CCC532 /* Pods_Project_CardsUITests.framework in Frameworks */ = {isa = PBXBuildFile; fileRef = 315DA15C53DF95EBE57EF56C /* Pods_Project_CardsUITests.framework */; };
/* End PBXBuildFile section */

/* Begin PBXContainerItemProxy section */
		A3D368AA22650AA600A61BD4 /* PBXContainerItemProxy */ = {
			isa = PBXContainerItemProxy;
			containerPortal = A3D3688D22650AA500A61BD4 /* Project object */;
			proxyType = 1;
			remoteGlobalIDString = A3D3689422650AA500A61BD4;
			remoteInfo = "Project Cards";
		};
		A3D368B522650AA600A61BD4 /* PBXContainerItemProxy */ = {
			isa = PBXContainerItemProxy;
			containerPortal = A3D3688D22650AA500A61BD4 /* Project object */;
			proxyType = 1;
			remoteGlobalIDString = A3D3689422650AA500A61BD4;
			remoteInfo = "Project Cards";
		};
/* End PBXContainerItemProxy section */

/* Begin PBXFileReference section */
		078729A748816E57C5C9519F /* Pods_Project_Cards.framework */ = {isa = PBXFileReference; explicitFileType = wrapper.framework; includeInIndex = 0; path = Pods_Project_Cards.framework; sourceTree = BUILT_PRODUCTS_DIR; };
		1EE80684A73C902DB977A253 /* Pods-Project Cards.release.xcconfig */ = {isa = PBXFileReference; includeInIndex = 1; lastKnownFileType = text.xcconfig; name = "Pods-Project Cards.release.xcconfig"; path = "Pods/Target Support Files/Pods-Project Cards/Pods-Project Cards.release.xcconfig"; sourceTree = "<group>"; };
		315DA15C53DF95EBE57EF56C /* Pods_Project_CardsUITests.framework */ = {isa = PBXFileReference; explicitFileType = wrapper.framework; includeInIndex = 0; path = Pods_Project_CardsUITests.framework; sourceTree = BUILT_PRODUCTS_DIR; };
		3254D45AA3ADEBA5633615E7 /* Pods-Project CardsTests.debug.xcconfig */ = {isa = PBXFileReference; includeInIndex = 1; lastKnownFileType = text.xcconfig; name = "Pods-Project CardsTests.debug.xcconfig"; path = "Pods/Target Support Files/Pods-Project CardsTests/Pods-Project CardsTests.debug.xcconfig"; sourceTree = "<group>"; };
		4752E3756D6514317F8C744B /* Pods_Project_CardsTests.framework */ = {isa = PBXFileReference; explicitFileType = wrapper.framework; includeInIndex = 0; path = Pods_Project_CardsTests.framework; sourceTree = BUILT_PRODUCTS_DIR; };
		9927581C3C05092AA58075AA /* Pods-Project CardsUITests.release.xcconfig */ = {isa = PBXFileReference; includeInIndex = 1; lastKnownFileType = text.xcconfig; name = "Pods-Project CardsUITests.release.xcconfig"; path = "Pods/Target Support Files/Pods-Project CardsUITests/Pods-Project CardsUITests.release.xcconfig"; sourceTree = "<group>"; };
		A33DFE562265F16E00081FD2 /* DeckOfCardsAPI.swift */ = {isa = PBXFileReference; lastKnownFileType = sourcecode.swift; path = DeckOfCardsAPI.swift; sourceTree = "<group>"; };
		A33DFE58226600F900081FD2 /* CollectionViewCell.swift */ = {isa = PBXFileReference; lastKnownFileType = sourcecode.swift; path = CollectionViewCell.swift; sourceTree = "<group>"; };
		A33DFE5C22660F8800081FD2 /* ViewControllerContract.swift */ = {isa = PBXFileReference; lastKnownFileType = sourcecode.swift; path = ViewControllerContract.swift; sourceTree = "<group>"; };
		A33DFE5E22660FB000081FD2 /* ViewControllerPresenter.swift */ = {isa = PBXFileReference; lastKnownFileType = sourcecode.swift; path = ViewControllerPresenter.swift; sourceTree = "<group>"; };
		A3D3689522650AA500A61BD4 /* Project Cards.app */ = {isa = PBXFileReference; explicitFileType = wrapper.application; includeInIndex = 0; path = "Project Cards.app"; sourceTree = BUILT_PRODUCTS_DIR; };
		A3D3689822650AA500A61BD4 /* AppDelegate.swift */ = {isa = PBXFileReference; lastKnownFileType = sourcecode.swift; path = AppDelegate.swift; sourceTree = "<group>"; };
		A3D3689A22650AA500A61BD4 /* ViewController.swift */ = {isa = PBXFileReference; lastKnownFileType = sourcecode.swift; path = ViewController.swift; sourceTree = "<group>"; };
		A3D3689D22650AA500A61BD4 /* Base */ = {isa = PBXFileReference; lastKnownFileType = file.storyboard; name = Base; path = Base.lproj/Main.storyboard; sourceTree = "<group>"; };
		A3D3689F22650AA600A61BD4 /* Assets.xcassets */ = {isa = PBXFileReference; lastKnownFileType = folder.assetcatalog; path = Assets.xcassets; sourceTree = "<group>"; };
		A3D368A222650AA600A61BD4 /* Base */ = {isa = PBXFileReference; lastKnownFileType = file.storyboard; name = Base; path = Base.lproj/LaunchScreen.storyboard; sourceTree = "<group>"; };
		A3D368A422650AA600A61BD4 /* Info.plist */ = {isa = PBXFileReference; lastKnownFileType = text.plist.xml; path = Info.plist; sourceTree = "<group>"; };
		A3D368A922650AA600A61BD4 /* Project CardsTests.xctest */ = {isa = PBXFileReference; explicitFileType = wrapper.cfbundle; includeInIndex = 0; path = "Project CardsTests.xctest"; sourceTree = BUILT_PRODUCTS_DIR; };
		A3D368AD22650AA600A61BD4 /* Project_CardsTests.swift */ = {isa = PBXFileReference; lastKnownFileType = sourcecode.swift; path = Project_CardsTests.swift; sourceTree = "<group>"; };
		A3D368AF22650AA600A61BD4 /* Info.plist */ = {isa = PBXFileReference; lastKnownFileType = text.plist.xml; path = Info.plist; sourceTree = "<group>"; };
		A3D368B422650AA600A61BD4 /* Project CardsUITests.xctest */ = {isa = PBXFileReference; explicitFileType = wrapper.cfbundle; includeInIndex = 0; path = "Project CardsUITests.xctest"; sourceTree = BUILT_PRODUCTS_DIR; };
		A3D368B822650AA600A61BD4 /* Project_CardsUITests.swift */ = {isa = PBXFileReference; lastKnownFileType = sourcecode.swift; path = Project_CardsUITests.swift; sourceTree = "<group>"; };
		A3D368BA22650AA600A61BD4 /* Info.plist */ = {isa = PBXFileReference; lastKnownFileType = text.plist.xml; path = Info.plist; sourceTree = "<group>"; };
		AC53C025EF975D80F34CF826 /* Pods-Project CardsTests.release.xcconfig */ = {isa = PBXFileReference; includeInIndex = 1; lastKnownFileType = text.xcconfig; name = "Pods-Project CardsTests.release.xcconfig"; path = "Pods/Target Support Files/Pods-Project CardsTests/Pods-Project CardsTests.release.xcconfig"; sourceTree = "<group>"; };
		CF06934B28BAF2CF5EF29C17 /* Pods-Project Cards.debug.xcconfig */ = {isa = PBXFileReference; includeInIndex = 1; lastKnownFileType = text.xcconfig; name = "Pods-Project Cards.debug.xcconfig"; path = "Pods/Target Support Files/Pods-Project Cards/Pods-Project Cards.debug.xcconfig"; sourceTree = "<group>"; };
		D48152718FEEDBB088DDE6FD /* Pods-Project CardsUITests.debug.xcconfig */ = {isa = PBXFileReference; includeInIndex = 1; lastKnownFileType = text.xcconfig; name = "Pods-Project CardsUITests.debug.xcconfig"; path = "Pods/Target Support Files/Pods-Project CardsUITests/Pods-Project CardsUITests.debug.xcconfig"; sourceTree = "<group>"; };
/* End PBXFileReference section */

/* Begin PBXFrameworksBuildPhase section */
		A3D3689222650AA500A61BD4 /* Frameworks */ = {
			isa = PBXFrameworksBuildPhase;
			buildActionMask = 2147483647;
			files = (
				0F57E35505F455EE12D59D40 /* Pods_Project_Cards.framework in Frameworks */,
			);
			runOnlyForDeploymentPostprocessing = 0;
		};
		A3D368A622650AA600A61BD4 /* Frameworks */ = {
			isa = PBXFrameworksBuildPhase;
			buildActionMask = 2147483647;
			files = (
				EFC572D85A17B161BF44A67C /* Pods_Project_CardsTests.framework in Frameworks */,
			);
			runOnlyForDeploymentPostprocessing = 0;
		};
		A3D368B122650AA600A61BD4 /* Frameworks */ = {
			isa = PBXFrameworksBuildPhase;
			buildActionMask = 2147483647;
			files = (
				F302457DB43719F611CCC532 /* Pods_Project_CardsUITests.framework in Frameworks */,
			);
			runOnlyForDeploymentPostprocessing = 0;
		};
/* End PBXFrameworksBuildPhase section */

/* Begin PBXGroup section */
		4152E2FF084082772381CECD /* Pods */ = {
			isa = PBXGroup;
			children = (
				CF06934B28BAF2CF5EF29C17 /* Pods-Project Cards.debug.xcconfig */,
				1EE80684A73C902DB977A253 /* Pods-Project Cards.release.xcconfig */,
				3254D45AA3ADEBA5633615E7 /* Pods-Project CardsTests.debug.xcconfig */,
				AC53C025EF975D80F34CF826 /* Pods-Project CardsTests.release.xcconfig */,
				D48152718FEEDBB088DDE6FD /* Pods-Project CardsUITests.debug.xcconfig */,
				9927581C3C05092AA58075AA /* Pods-Project CardsUITests.release.xcconfig */,
			);
			name = Pods;
			sourceTree = "<group>";
		};
		A33DFE5A22660F6700081FD2 /* views */ = {
			isa = PBXGroup;
			children = (
				A33DFE5B22660F6E00081FD2 /* mainView */,
			);
			path = views;
			sourceTree = "<group>";
		};
		A33DFE5B22660F6E00081FD2 /* mainView */ = {
			isa = PBXGroup;
			children = (
				A33DFE5C22660F8800081FD2 /* ViewControllerContract.swift */,
				A3D3689A22650AA500A61BD4 /* ViewController.swift */,
				A33DFE5E22660FB000081FD2 /* ViewControllerPresenter.swift */,
			);
			path = mainView;
			sourceTree = "<group>";
		};
		A3D3688C22650AA500A61BD4 = {
			isa = PBXGroup;
			children = (
				A3D3689722650AA500A61BD4 /* Project Cards */,
				A3D368AC22650AA600A61BD4 /* Project CardsTests */,
				A3D368B722650AA600A61BD4 /* Project CardsUITests */,
				A3D3689622650AA500A61BD4 /* Products */,
				4152E2FF084082772381CECD /* Pods */,
				F816E7B91D5B896D3D6188B5 /* Frameworks */,
			);
			sourceTree = "<group>";
		};
		A3D3689622650AA500A61BD4 /* Products */ = {
			isa = PBXGroup;
			children = (
				A3D3689522650AA500A61BD4 /* Project Cards.app */,
				A3D368A922650AA600A61BD4 /* Project CardsTests.xctest */,
				A3D368B422650AA600A61BD4 /* Project CardsUITests.xctest */,
			);
			name = Products;
			sourceTree = "<group>";
		};
		A3D3689722650AA500A61BD4 /* Project Cards */ = {
			isa = PBXGroup;
			children = (
				A33DFE5A22660F6700081FD2 /* views */,
				A3D3689822650AA500A61BD4 /* AppDelegate.swift */,
				A3D3689C22650AA500A61BD4 /* Main.storyboard */,
				A3D3689F22650AA600A61BD4 /* Assets.xcassets */,
				A3D368A122650AA600A61BD4 /* LaunchScreen.storyboard */,
				A3D368A422650AA600A61BD4 /* Info.plist */,
				A33DFE562265F16E00081FD2 /* DeckOfCardsAPI.swift */,
				A33DFE58226600F900081FD2 /* CollectionViewCell.swift */,
			);
			path = "Project Cards";
			sourceTree = "<group>";
		};
		A3D368AC22650AA600A61BD4 /* Project CardsTests */ = {
			isa = PBXGroup;
			children = (
				A3D368AD22650AA600A61BD4 /* Project_CardsTests.swift */,
				A3D368AF22650AA600A61BD4 /* Info.plist */,
			);
			path = "Project CardsTests";
			sourceTree = "<group>";
		};
		A3D368B722650AA600A61BD4 /* Project CardsUITests */ = {
			isa = PBXGroup;
			children = (
				A3D368B822650AA600A61BD4 /* Project_CardsUITests.swift */,
				A3D368BA22650AA600A61BD4 /* Info.plist */,
			);
			path = "Project CardsUITests";
			sourceTree = "<group>";
		};
		F816E7B91D5B896D3D6188B5 /* Frameworks */ = {
			isa = PBXGroup;
			children = (
				078729A748816E57C5C9519F /* Pods_Project_Cards.framework */,
				4752E3756D6514317F8C744B /* Pods_Project_CardsTests.framework */,
				315DA15C53DF95EBE57EF56C /* Pods_Project_CardsUITests.framework */,
			);
			name = Frameworks;
			sourceTree = "<group>";
		};
/* End PBXGroup section */

/* Begin PBXNativeTarget section */
		A3D3689422650AA500A61BD4 /* Project Cards */ = {
			isa = PBXNativeTarget;
			buildConfigurationList = A3D368BD22650AA600A61BD4 /* Build configuration list for PBXNativeTarget "Project Cards" */;
			buildPhases = (
				F6EBABC31AA29EC0CBF46FB1 /* [CP] Check Pods Manifest.lock */,
				A3D3689122650AA500A61BD4 /* Sources */,
				A3D3689222650AA500A61BD4 /* Frameworks */,
				A3D3689322650AA500A61BD4 /* Resources */,
				19CC35F2E8A51A33421387D3 /* [CP] Embed Pods Frameworks */,
			);
			buildRules = (
			);
			dependencies = (
			);
			name = "Project Cards";
			productName = "Project Cards";
			productReference = A3D3689522650AA500A61BD4 /* Project Cards.app */;
			productType = "com.apple.product-type.application";
		};
		A3D368A822650AA600A61BD4 /* Project CardsTests */ = {
			isa = PBXNativeTarget;
			buildConfigurationList = A3D368C022650AA600A61BD4 /* Build configuration list for PBXNativeTarget "Project CardsTests" */;
			buildPhases = (
				71A89135DE2BD661D90F4BB6 /* [CP] Check Pods Manifest.lock */,
				A3D368A522650AA600A61BD4 /* Sources */,
				A3D368A622650AA600A61BD4 /* Frameworks */,
				A3D368A722650AA600A61BD4 /* Resources */,
				69C1E24FE5EEF9698F2B71BD /* [CP] Embed Pods Frameworks */,
			);
			buildRules = (
			);
			dependencies = (
				A3D368AB22650AA600A61BD4 /* PBXTargetDependency */,
			);
			name = "Project CardsTests";
			productName = "Project CardsTests";
			productReference = A3D368A922650AA600A61BD4 /* Project CardsTests.xctest */;
			productType = "com.apple.product-type.bundle.unit-test";
		};
		A3D368B322650AA600A61BD4 /* Project CardsUITests */ = {
			isa = PBXNativeTarget;
			buildConfigurationList = A3D368C322650AA600A61BD4 /* Build configuration list for PBXNativeTarget "Project CardsUITests" */;
			buildPhases = (
				BB2F8E801CFD1D4275B380D6 /* [CP] Check Pods Manifest.lock */,
				A3D368B022650AA600A61BD4 /* Sources */,
				A3D368B122650AA600A61BD4 /* Frameworks */,
				A3D368B222650AA600A61BD4 /* Resources */,
			);
			buildRules = (
			);
			dependencies = (
				A3D368B622650AA600A61BD4 /* PBXTargetDependency */,
			);
			name = "Project CardsUITests";
			productName = "Project CardsUITests";
			productReference = A3D368B422650AA600A61BD4 /* Project CardsUITests.xctest */;
			productType = "com.apple.product-type.bundle.ui-testing";
		};
/* End PBXNativeTarget section */

/* Begin PBXProject section */
		A3D3688D22650AA500A61BD4 /* Project object */ = {
			isa = PBXProject;
			attributes = {
				LastSwiftUpdateCheck = 1010;
				LastUpgradeCheck = 1010;
				ORGANIZATIONNAME = "Ernest Chechelski";
				TargetAttributes = {
					A3D3689422650AA500A61BD4 = {
						CreatedOnToolsVersion = 10.1;
					};
					A3D368A822650AA600A61BD4 = {
						CreatedOnToolsVersion = 10.1;
						TestTargetID = A3D3689422650AA500A61BD4;
					};
					A3D368B322650AA600A61BD4 = {
						CreatedOnToolsVersion = 10.1;
						TestTargetID = A3D3689422650AA500A61BD4;
					};
				};
			};
			buildConfigurationList = A3D3689022650AA500A61BD4 /* Build configuration list for PBXProject "Project Cards" */;
			compatibilityVersion = "Xcode 9.3";
			developmentRegion = en;
			hasScannedForEncodings = 0;
			knownRegions = (
				en,
				Base,
			);
			mainGroup = A3D3688C22650AA500A61BD4;
			productRefGroup = A3D3689622650AA500A61BD4 /* Products */;
			projectDirPath = "";
			projectRoot = "";
			targets = (
				A3D3689422650AA500A61BD4 /* Project Cards */,
				A3D368A822650AA600A61BD4 /* Project CardsTests */,
				A3D368B322650AA600A61BD4 /* Project CardsUITests */,
			);
		};
/* End PBXProject section */

/* Begin PBXResourcesBuildPhase section */
		A3D3689322650AA500A61BD4 /* Resources */ = {
			isa = PBXResourcesBuildPhase;
			buildActionMask = 2147483647;
			files = (
				A3D368A322650AA600A61BD4 /* LaunchScreen.storyboard in Resources */,
				A3D368A022650AA600A61BD4 /* Assets.xcassets in Resources */,
				A3D3689E22650AA500A61BD4 /* Main.storyboard in Resources */,
			);
			runOnlyForDeploymentPostprocessing = 0;
		};
		A3D368A722650AA600A61BD4 /* Resources */ = {
			isa = PBXResourcesBuildPhase;
			buildActionMask = 2147483647;
			files = (
			);
			runOnlyForDeploymentPostprocessing = 0;
		};
		A3D368B222650AA600A61BD4 /* Resources */ = {
			isa = PBXResourcesBuildPhase;
			buildActionMask = 2147483647;
			files = (
			);
			runOnlyForDeploymentPostprocessing = 0;
		};
/* End PBXResourcesBuildPhase section */

/* Begin PBXShellScriptBuildPhase section */
		19CC35F2E8A51A33421387D3 /* [CP] Embed Pods Frameworks */ = {
			isa = PBXShellScriptBuildPhase;
			buildActionMask = 2147483647;
			files = (
			);
			inputPaths = (
				"${SRCROOT}/Pods/Target Support Files/Pods-Project Cards/Pods-Project Cards-frameworks.sh",
				"${BUILT_PRODUCTS_DIR}/Alamofire/Alamofire.framework",
				"${BUILT_PRODUCTS_DIR}/AlamofireImage/AlamofireImage.framework",
				"${BUILT_PRODUCTS_DIR}/Differentiator/Differentiator.framework",
				"${BUILT_PRODUCTS_DIR}/RxCocoa/RxCocoa.framework",
				"${BUILT_PRODUCTS_DIR}/RxDataSources/RxDataSources.framework",
				"${BUILT_PRODUCTS_DIR}/RxSwift/RxSwift.framework",
				"${BUILT_PRODUCTS_DIR}/SDWebImage/SDWebImage.framework",
			);
			name = "[CP] Embed Pods Frameworks";
			outputPaths = (
				"${TARGET_BUILD_DIR}/${FRAMEWORKS_FOLDER_PATH}/Alamofire.framework",
				"${TARGET_BUILD_DIR}/${FRAMEWORKS_FOLDER_PATH}/AlamofireImage.framework",
				"${TARGET_BUILD_DIR}/${FRAMEWORKS_FOLDER_PATH}/Differentiator.framework",
				"${TARGET_BUILD_DIR}/${FRAMEWORKS_FOLDER_PATH}/RxCocoa.framework",
				"${TARGET_BUILD_DIR}/${FRAMEWORKS_FOLDER_PATH}/RxDataSources.framework",
				"${TARGET_BUILD_DIR}/${FRAMEWORKS_FOLDER_PATH}/RxSwift.framework",
				"${TARGET_BUILD_DIR}/${FRAMEWORKS_FOLDER_PATH}/SDWebImage.framework",
			);
			runOnlyForDeploymentPostprocessing = 0;
			shellPath = /bin/sh;
			shellScript = "\"${SRCROOT}/Pods/Target Support Files/Pods-Project Cards/Pods-Project Cards-frameworks.sh\"\n";
			showEnvVarsInLog = 0;
		};
		69C1E24FE5EEF9698F2B71BD /* [CP] Embed Pods Frameworks */ = {
			isa = PBXShellScriptBuildPhase;
			buildActionMask = 2147483647;
			files = (
			);
			inputPaths = (
				"${SRCROOT}/Pods/Target Support Files/Pods-Project CardsTests/Pods-Project CardsTests-frameworks.sh",
				"${BUILT_PRODUCTS_DIR}/RxSwift/RxSwift.framework",
				"${BUILT_PRODUCTS_DIR}/RxBlocking/RxBlocking.framework",
				"${BUILT_PRODUCTS_DIR}/RxTest/RxTest.framework",
			);
			name = "[CP] Embed Pods Frameworks";
			outputPaths = (
				"${TARGET_BUILD_DIR}/${FRAMEWORKS_FOLDER_PATH}/RxSwift.framework",
				"${TARGET_BUILD_DIR}/${FRAMEWORKS_FOLDER_PATH}/RxBlocking.framework",
				"${TARGET_BUILD_DIR}/${FRAMEWORKS_FOLDER_PATH}/RxTest.framework",
			);
			runOnlyForDeploymentPostprocessing = 0;
			shellPath = /bin/sh;
			shellScript = "\"${SRCROOT}/Pods/Target Support Files/Pods-Project CardsTests/Pods-Project CardsTests-frameworks.sh\"\n";
			showEnvVarsInLog = 0;
		};
		71A89135DE2BD661D90F4BB6 /* [CP] Check Pods Manifest.lock */ = {
			isa = PBXShellScriptBuildPhase;
			buildActionMask = 2147483647;
			files = (
			);
			inputPaths = (
				"${PODS_PODFILE_DIR_PATH}/Podfile.lock",
				"${PODS_ROOT}/Manifest.lock",
			);
			name = "[CP] Check Pods Manifest.lock";
			outputPaths = (
				"$(DERIVED_FILE_DIR)/Pods-Project CardsTests-checkManifestLockResult.txt",
			);
			runOnlyForDeploymentPostprocessing = 0;
			shellPath = /bin/sh;
			shellScript = "diff \"${PODS_PODFILE_DIR_PATH}/Podfile.lock\" \"${PODS_ROOT}/Manifest.lock\" > /dev/null\nif [ $? != 0 ] ; then\n    # print error to STDERR\n    echo \"error: The sandbox is not in sync with the Podfile.lock. Run 'pod install' or update your CocoaPods installation.\" >&2\n    exit 1\nfi\n# This output is used by Xcode 'outputs' to avoid re-running this script phase.\necho \"SUCCESS\" > \"${SCRIPT_OUTPUT_FILE_0}\"\n";
			showEnvVarsInLog = 0;
		};
		BB2F8E801CFD1D4275B380D6 /* [CP] Check Pods Manifest.lock */ = {
			isa = PBXShellScriptBuildPhase;
			buildActionMask = 2147483647;
			files = (
			);
			inputPaths = (
				"${PODS_PODFILE_DIR_PATH}/Podfile.lock",
				"${PODS_ROOT}/Manifest.lock",
			);
			name = "[CP] Check Pods Manifest.lock";
			outputPaths = (
				"$(DERIVED_FILE_DIR)/Pods-Project CardsUITests-checkManifestLockResult.txt",
			);
			runOnlyForDeploymentPostprocessing = 0;
			shellPath = /bin/sh;
			shellScript = "diff \"${PODS_PODFILE_DIR_PATH}/Podfile.lock\" \"${PODS_ROOT}/Manifest.lock\" > /dev/null\nif [ $? != 0 ] ; then\n    # print error to STDERR\n    echo \"error: The sandbox is not in sync with the Podfile.lock. Run 'pod install' or update your CocoaPods installation.\" >&2\n    exit 1\nfi\n# This output is used by Xcode 'outputs' to avoid re-running this script phase.\necho \"SUCCESS\" > \"${SCRIPT_OUTPUT_FILE_0}\"\n";
			showEnvVarsInLog = 0;
		};
		F6EBABC31AA29EC0CBF46FB1 /* [CP] Check Pods Manifest.lock */ = {
			isa = PBXShellScriptBuildPhase;
			buildActionMask = 2147483647;
			files = (
			);
			inputPaths = (
				"${PODS_PODFILE_DIR_PATH}/Podfile.lock",
				"${PODS_ROOT}/Manifest.lock",
			);
			name = "[CP] Check Pods Manifest.lock";
			outputPaths = (
				"$(DERIVED_FILE_DIR)/Pods-Project Cards-checkManifestLockResult.txt",
			);
			runOnlyForDeploymentPostprocessing = 0;
			shellPath = /bin/sh;
			shellScript = "diff \"${PODS_PODFILE_DIR_PATH}/Podfile.lock\" \"${PODS_ROOT}/Manifest.lock\" > /dev/null\nif [ $? != 0 ] ; then\n    # print error to STDERR\n    echo \"error: The sandbox is not in sync with the Podfile.lock. Run 'pod install' or update your CocoaPods installation.\" >&2\n    exit 1\nfi\n# This output is used by Xcode 'outputs' to avoid re-running this script phase.\necho \"SUCCESS\" > \"${SCRIPT_OUTPUT_FILE_0}\"\n";
			showEnvVarsInLog = 0;
		};
/* End PBXShellScriptBuildPhase section */

/* Begin PBXSourcesBuildPhase section */
		A3D3689122650AA500A61BD4 /* Sources */ = {
			isa = PBXSourcesBuildPhase;
			buildActionMask = 2147483647;
			files = (
				A3D3689B22650AA500A61BD4 /* ViewController.swift in Sources */,
				A3D3689922650AA500A61BD4 /* AppDelegate.swift in Sources */,
				A33DFE59226600F900081FD2 /* CollectionViewCell.swift in Sources */,
				A33DFE5F22660FB000081FD2 /* ViewControllerPresenter.swift in Sources */,
				A33DFE5D22660F8800081FD2 /* ViewControllerContract.swift in Sources */,
				A33DFE572265F16E00081FD2 /* DeckOfCardsAPI.swift in Sources */,
			);
			runOnlyForDeploymentPostprocessing = 0;
		};
		A3D368A522650AA600A61BD4 /* Sources */ = {
			isa = PBXSourcesBuildPhase;
			buildActionMask = 2147483647;
			files = (
				A3D368AE22650AA600A61BD4 /* Project_CardsTests.swift in Sources */,
			);
			runOnlyForDeploymentPostprocessing = 0;
		};
		A3D368B022650AA600A61BD4 /* Sources */ = {
			isa = PBXSourcesBuildPhase;
			buildActionMask = 2147483647;
			files = (
				A3D368B922650AA600A61BD4 /* Project_CardsUITests.swift in Sources */,
			);
			runOnlyForDeploymentPostprocessing = 0;
		};
/* End PBXSourcesBuildPhase section */

/* Begin PBXTargetDependency section */
		A3D368AB22650AA600A61BD4 /* PBXTargetDependency */ = {
			isa = PBXTargetDependency;
			target = A3D3689422650AA500A61BD4 /* Project Cards */;
			targetProxy = A3D368AA22650AA600A61BD4 /* PBXContainerItemProxy */;
		};
		A3D368B622650AA600A61BD4 /* PBXTargetDependency */ = {
			isa = PBXTargetDependency;
			target = A3D3689422650AA500A61BD4 /* Project Cards */;
			targetProxy = A3D368B522650AA600A61BD4 /* PBXContainerItemProxy */;
		};
/* End PBXTargetDependency section */

/* Begin PBXVariantGroup section */
		A3D3689C22650AA500A61BD4 /* Main.storyboard */ = {
			isa = PBXVariantGroup;
			children = (
				A3D3689D22650AA500A61BD4 /* Base */,
			);
			name = Main.storyboard;
			sourceTree = "<group>";
		};
		A3D368A122650AA600A61BD4 /* LaunchScreen.storyboard */ = {
			isa = PBXVariantGroup;
			children = (
				A3D368A222650AA600A61BD4 /* Base */,
			);
			name = LaunchScreen.storyboard;
			sourceTree = "<group>";
		};
/* End PBXVariantGroup section */

/* Begin XCBuildConfiguration section */
		A3D368BB22650AA600A61BD4 /* Debug */ = {
			isa = XCBuildConfiguration;
			buildSettings = {
				ALWAYS_SEARCH_USER_PATHS = NO;
				CLANG_ANALYZER_NONNULL = YES;
				CLANG_ANALYZER_NUMBER_OBJECT_CONVERSION = YES_AGGRESSIVE;
				CLANG_CXX_LANGUAGE_STANDARD = "gnu++14";
				CLANG_CXX_LIBRARY = "libc++";
				CLANG_ENABLE_MODULES = YES;
				CLANG_ENABLE_OBJC_ARC = YES;
				CLANG_ENABLE_OBJC_WEAK = YES;
				CLANG_WARN_BLOCK_CAPTURE_AUTORELEASING = YES;
				CLANG_WARN_BOOL_CONVERSION = YES;
				CLANG_WARN_COMMA = YES;
				CLANG_WARN_CONSTANT_CONVERSION = YES;
				CLANG_WARN_DEPRECATED_OBJC_IMPLEMENTATIONS = YES;
				CLANG_WARN_DIRECT_OBJC_ISA_USAGE = YES_ERROR;
				CLANG_WARN_DOCUMENTATION_COMMENTS = YES;
				CLANG_WARN_EMPTY_BODY = YES;
				CLANG_WARN_ENUM_CONVERSION = YES;
				CLANG_WARN_INFINITE_RECURSION = YES;
				CLANG_WARN_INT_CONVERSION = YES;
				CLANG_WARN_NON_LITERAL_NULL_CONVERSION = YES;
				CLANG_WARN_OBJC_IMPLICIT_RETAIN_SELF = YES;
				CLANG_WARN_OBJC_LITERAL_CONVERSION = YES;
				CLANG_WARN_OBJC_ROOT_CLASS = YES_ERROR;
				CLANG_WARN_RANGE_LOOP_ANALYSIS = YES;
				CLANG_WARN_STRICT_PROTOTYPES = YES;
				CLANG_WARN_SUSPICIOUS_MOVE = YES;
				CLANG_WARN_UNGUARDED_AVAILABILITY = YES_AGGRESSIVE;
				CLANG_WARN_UNREACHABLE_CODE = YES;
				CLANG_WARN__DUPLICATE_METHOD_MATCH = YES;
				CODE_SIGN_IDENTITY = "iPhone Developer";
				COPY_PHASE_STRIP = NO;
				DEBUG_INFORMATION_FORMAT = dwarf;
				ENABLE_STRICT_OBJC_MSGSEND = YES;
				ENABLE_TESTABILITY = YES;
				GCC_C_LANGUAGE_STANDARD = gnu11;
				GCC_DYNAMIC_NO_PIC = NO;
				GCC_NO_COMMON_BLOCKS = YES;
				GCC_OPTIMIZATION_LEVEL = 0;
				GCC_PREPROCESSOR_DEFINITIONS = (
					"DEBUG=1",
					"$(inherited)",
				);
				GCC_WARN_64_TO_32_BIT_CONVERSION = YES;
				GCC_WARN_ABOUT_RETURN_TYPE = YES_ERROR;
				GCC_WARN_UNDECLARED_SELECTOR = YES;
				GCC_WARN_UNINITIALIZED_AUTOS = YES_AGGRESSIVE;
				GCC_WARN_UNUSED_FUNCTION = YES;
				GCC_WARN_UNUSED_VARIABLE = YES;
				IPHONEOS_DEPLOYMENT_TARGET = 12.1;
				MTL_ENABLE_DEBUG_INFO = INCLUDE_SOURCE;
				MTL_FAST_MATH = YES;
				ONLY_ACTIVE_ARCH = YES;
				SDKROOT = iphoneos;
				SWIFT_ACTIVE_COMPILATION_CONDITIONS = DEBUG;
				SWIFT_OPTIMIZATION_LEVEL = "-Onone";
			};
			name = Debug;
		};
		A3D368BC22650AA600A61BD4 /* Release */ = {
			isa = XCBuildConfiguration;
			buildSettings = {
				ALWAYS_SEARCH_USER_PATHS = NO;
				CLANG_ANALYZER_NONNULL = YES;
				CLANG_ANALYZER_NUMBER_OBJECT_CONVERSION = YES_AGGRESSIVE;
				CLANG_CXX_LANGUAGE_STANDARD = "gnu++14";
				CLANG_CXX_LIBRARY = "libc++";
				CLANG_ENABLE_MODULES = YES;
				CLANG_ENABLE_OBJC_ARC = YES;
				CLANG_ENABLE_OBJC_WEAK = YES;
				CLANG_WARN_BLOCK_CAPTURE_AUTORELEASING = YES;
				CLANG_WARN_BOOL_CONVERSION = YES;
				CLANG_WARN_COMMA = YES;
				CLANG_WARN_CONSTANT_CONVERSION = YES;
				CLANG_WARN_DEPRECATED_OBJC_IMPLEMENTATIONS = YES;
				CLANG_WARN_DIRECT_OBJC_ISA_USAGE = YES_ERROR;
				CLANG_WARN_DOCUMENTATION_COMMENTS = YES;
				CLANG_WARN_EMPTY_BODY = YES;
				CLANG_WARN_ENUM_CONVERSION = YES;
				CLANG_WARN_INFINITE_RECURSION = YES;
				CLANG_WARN_INT_CONVERSION = YES;
				CLANG_WARN_NON_LITERAL_NULL_CONVERSION = YES;
				CLANG_WARN_OBJC_IMPLICIT_RETAIN_SELF = YES;
				CLANG_WARN_OBJC_LITERAL_CONVERSION = YES;
				CLANG_WARN_OBJC_ROOT_CLASS = YES_ERROR;
				CLANG_WARN_RANGE_LOOP_ANALYSIS = YES;
				CLANG_WARN_STRICT_PROTOTYPES = YES;
				CLANG_WARN_SUSPICIOUS_MOVE = YES;
				CLANG_WARN_UNGUARDED_AVAILABILITY = YES_AGGRESSIVE;
				CLANG_WARN_UNREACHABLE_CODE = YES;
				CLANG_WARN__DUPLICATE_METHOD_MATCH = YES;
				CODE_SIGN_IDENTITY = "iPhone Developer";
				COPY_PHASE_STRIP = NO;
				DEBUG_INFORMATION_FORMAT = "dwarf-with-dsym";
				ENABLE_NS_ASSERTIONS = NO;
				ENABLE_STRICT_OBJC_MSGSEND = YES;
				GCC_C_LANGUAGE_STANDARD = gnu11;
				GCC_NO_COMMON_BLOCKS = YES;
				GCC_WARN_64_TO_32_BIT_CONVERSION = YES;
				GCC_WARN_ABOUT_RETURN_TYPE = YES_ERROR;
				GCC_WARN_UNDECLARED_SELECTOR = YES;
				GCC_WARN_UNINITIALIZED_AUTOS = YES_AGGRESSIVE;
				GCC_WARN_UNUSED_FUNCTION = YES;
				GCC_WARN_UNUSED_VARIABLE = YES;
				IPHONEOS_DEPLOYMENT_TARGET = 12.1;
				MTL_ENABLE_DEBUG_INFO = NO;
				MTL_FAST_MATH = YES;
				SDKROOT = iphoneos;
				SWIFT_COMPILATION_MODE = wholemodule;
				SWIFT_OPTIMIZATION_LEVEL = "-O";
				VALIDATE_PRODUCT = YES;
			};
			name = Release;
		};
		A3D368BE22650AA600A61BD4 /* Debug */ = {
			isa = XCBuildConfiguration;
			baseConfigurationReference = CF06934B28BAF2CF5EF29C17 /* Pods-Project Cards.debug.xcconfig */;
			buildSettings = {
				ASSETCATALOG_COMPILER_APPICON_NAME = AppIcon;
				CODE_SIGN_STYLE = Automatic;
				DEVELOPMENT_TEAM = D8VPEQS329;
				INFOPLIST_FILE = "Project Cards/Info.plist";
				LD_RUNPATH_SEARCH_PATHS = (
					"$(inherited)",
					"@executable_path/Frameworks",
				);
				PRODUCT_BUNDLE_IDENTIFIER = "ernestchechelski.Project-Cards";
				PRODUCT_NAME = "$(TARGET_NAME)";
				SWIFT_VERSION = 4.2;
				TARGETED_DEVICE_FAMILY = "1,2";
			};
			name = Debug;
		};
		A3D368BF22650AA600A61BD4 /* Release */ = {
			isa = XCBuildConfiguration;
			baseConfigurationReference = 1EE80684A73C902DB977A253 /* Pods-Project Cards.release.xcconfig */;
			buildSettings = {
				ASSETCATALOG_COMPILER_APPICON_NAME = AppIcon;
				CODE_SIGN_STYLE = Automatic;
				DEVELOPMENT_TEAM = D8VPEQS329;
				INFOPLIST_FILE = "Project Cards/Info.plist";
				LD_RUNPATH_SEARCH_PATHS = (
					"$(inherited)",
					"@executable_path/Frameworks",
				);
				PRODUCT_BUNDLE_IDENTIFIER = "ernestchechelski.Project-Cards";
				PRODUCT_NAME = "$(TARGET_NAME)";
				SWIFT_VERSION = 4.2;
				TARGETED_DEVICE_FAMILY = "1,2";
			};
			name = Release;
		};
		A3D368C122650AA600A61BD4 /* Debug */ = {
			isa = XCBuildConfiguration;
			baseConfigurationReference = 3254D45AA3ADEBA5633615E7 /* Pods-Project CardsTests.debug.xcconfig */;
			buildSettings = {
				ALWAYS_EMBED_SWIFT_STANDARD_LIBRARIES = YES;
				BUNDLE_LOADER = "$(TEST_HOST)";
				CODE_SIGN_STYLE = Automatic;
				DEVELOPMENT_TEAM = D8VPEQS329;
				INFOPLIST_FILE = "Project CardsTests/Info.plist";
				LD_RUNPATH_SEARCH_PATHS = (
					"$(inherited)",
					"@executable_path/Frameworks",
					"@loader_path/Frameworks",
				);
				PRODUCT_BUNDLE_IDENTIFIER = "ernestchechelski.Project-CardsTests";
				PRODUCT_NAME = "$(TARGET_NAME)";
				SWIFT_VERSION = 4.2;
				TARGETED_DEVICE_FAMILY = "1,2";
				TEST_HOST = "$(BUILT_PRODUCTS_DIR)/Project Cards.app/Project Cards";
			};
			name = Debug;
		};
		A3D368C222650AA600A61BD4 /* Release */ = {
			isa = XCBuildConfiguration;
			baseConfigurationReference = AC53C025EF975D80F34CF826 /* Pods-Project CardsTests.release.xcconfig */;
			buildSettings = {
				ALWAYS_EMBED_SWIFT_STANDARD_LIBRARIES = YES;
				BUNDLE_LOADER = "$(TEST_HOST)";
				CODE_SIGN_STYLE = Automatic;
				DEVELOPMENT_TEAM = D8VPEQS329;
				INFOPLIST_FILE = "Project CardsTests/Info.plist";
				LD_RUNPATH_SEARCH_PATHS = (
					"$(inherited)",
					"@executable_path/Frameworks",
					"@loader_path/Frameworks",
				);
				PRODUCT_BUNDLE_IDENTIFIER = "ernestchechelski.Project-CardsTests";
				PRODUCT_NAME = "$(TARGET_NAME)";
				SWIFT_VERSION = 4.2;
				TARGETED_DEVICE_FAMILY = "1,2";
				TEST_HOST = "$(BUILT_PRODUCTS_DIR)/Project Cards.app/Project Cards";
			};
			name = Release;
		};
		A3D368C422650AA600A61BD4 /* Debug */ = {
			isa = XCBuildConfiguration;
			baseConfigurationReference = D48152718FEEDBB088DDE6FD /* Pods-Project CardsUITests.debug.xcconfig */;
			buildSettings = {
				ALWAYS_EMBED_SWIFT_STANDARD_LIBRARIES = YES;
				CODE_SIGN_STYLE = Automatic;
				DEVELOPMENT_TEAM = D8VPEQS329;
				INFOPLIST_FILE = "Project CardsUITests/Info.plist";
				LD_RUNPATH_SEARCH_PATHS = (
					"$(inherited)",
					"@executable_path/Frameworks",
					"@loader_path/Frameworks",
				);
				PRODUCT_BUNDLE_IDENTIFIER = "ernestchechelski.Project-CardsUITests";
				PRODUCT_NAME = "$(TARGET_NAME)";
				SWIFT_VERSION = 4.2;
				TARGETED_DEVICE_FAMILY = "1,2";
				TEST_TARGET_NAME = "Project Cards";
			};
			name = Debug;
		};
		A3D368C522650AA600A61BD4 /* Release */ = {
			isa = XCBuildConfiguration;
			baseConfigurationReference = 9927581C3C05092AA58075AA /* Pods-Project CardsUITests.release.xcconfig */;
			buildSettings = {
				ALWAYS_EMBED_SWIFT_STANDARD_LIBRARIES = YES;
				CODE_SIGN_STYLE = Automatic;
				DEVELOPMENT_TEAM = D8VPEQS329;
				INFOPLIST_FILE = "Project CardsUITests/Info.plist";
				LD_RUNPATH_SEARCH_PATHS = (
					"$(inherited)",
					"@executable_path/Frameworks",
					"@loader_path/Frameworks",
				);
				PRODUCT_BUNDLE_IDENTIFIER = "ernestchechelski.Project-CardsUITests";
				PRODUCT_NAME = "$(TARGET_NAME)";
				SWIFT_VERSION = 4.2;
				TARGETED_DEVICE_FAMILY = "1,2";
				TEST_TARGET_NAME = "Project Cards";
			};
			name = Release;
		};
/* End XCBuildConfiguration section */

/* Begin XCConfigurationList section */
		A3D3689022650AA500A61BD4 /* Build configuration list for PBXProject "Project Cards" */ = {
			isa = XCConfigurationList;
			buildConfigurations = (
				A3D368BB22650AA600A61BD4 /* Debug */,
				A3D368BC22650AA600A61BD4 /* Release */,
			);
			defaultConfigurationIsVisible = 0;
			defaultConfigurationName = Release;
		};
		A3D368BD22650AA600A61BD4 /* Build configuration list for PBXNativeTarget "Project Cards" */ = {
			isa = XCConfigurationList;
			buildConfigurations = (
				A3D368BE22650AA600A61BD4 /* Debug */,
				A3D368BF22650AA600A61BD4 /* Release */,
			);
			defaultConfigurationIsVisible = 0;
			defaultConfigurationName = Release;
		};
		A3D368C022650AA600A61BD4 /* Build configuration list for PBXNativeTarget "Project CardsTests" */ = {
			isa = XCConfigurationList;
			buildConfigurations = (
				A3D368C122650AA600A61BD4 /* Debug */,
				A3D368C222650AA600A61BD4 /* Release */,
			);
			defaultConfigurationIsVisible = 0;
			defaultConfigurationName = Release;
		};
		A3D368C322650AA600A61BD4 /* Build configuration list for PBXNativeTarget "Project CardsUITests" */ = {
			isa = XCConfigurationList;
			buildConfigurations = (
				A3D368C422650AA600A61BD4 /* Debug */,
				A3D368C522650AA600A61BD4 /* Release */,
			);
			defaultConfigurationIsVisible = 0;
			defaultConfigurationName = Release;
		};
/* End XCConfigurationList section */
	};
	rootObject = A3D3688D22650AA500A61BD4 /* Project object */;
}
